
Microsoft Visual Studio Solution File, Format Version 12.00
# Visual Studio 15
VisualStudioVersion = 15.0.26730.10
MinimumVisualStudioVersion = 10.0.40219.1
Project("{FAE04EC0-301F-11D3-BF4B-00C04F79EFBC}") = "Telegraph.Net", "Telegraph.Net\Telegraph.Net.csproj", "{0B460C30-1AD9-4D5E-87B5-AA9421D226F2}"
EndProject
Project("{FAE04EC0-301F-11D3-BF4B-00C04F79EFBC}") = "XUnitTests", "XUnitTests\XUnitTests.csproj", "{B68C55D0-5BFE-4F05-B01C-9B72898E1E58}"
EndProject
Global
	GlobalSection(SolutionConfigurationPlatforms) = preSolution
		Debug|Any CPU = Debug|Any CPU
		Release|Any CPU = Release|Any CPU
	EndGlobalSection
	GlobalSection(ProjectConfigurationPlatforms) = postSolution
		{0B460C30-1AD9-4D5E-87B5-AA9421D226F2}.Debug|Any CPU.ActiveCfg = Debug|Any CPU
		{0B460C30-1AD9-4D5E-87B5-AA9421D226F2}.Debug|Any CPU.Build.0 = Debug|Any CPU
		{0B460C30-1AD9-4D5E-87B5-AA9421D226F2}.Release|Any CPU.ActiveCfg = Release|Any CPU
		{0B460C30-1AD9-4D5E-87B5-AA9421D226F2}.Release|Any CPU.Build.0 = Release|Any CPU
		{B68C55D0-5BFE-4F05-B01C-9B72898E1E58}.Debug|Any CPU.ActiveCfg = Debug|Any CPU
		{B68C55D0-5BFE-4F05-B01C-9B72898E1E58}.Debug|Any CPU.Build.0 = Debug|Any CPU
		{B68C55D0-5BFE-4F05-B01C-9B72898E1E58}.Release|Any CPU.ActiveCfg = Release|Any CPU
		{B68C55D0-5BFE-4F05-B01C-9B72898E1E58}.Release|Any CPU.Build.0 = Release|Any CPU
	EndGlobalSection
	GlobalSection(SolutionProperties) = preSolution
		HideSolutionNode = FALSE
	EndGlobalSection
	GlobalSection(ExtensibilityGlobals) = postSolution
		SolutionGuid = {89506FE3-7D62-4548-9BD3-AEC097EDA67D}
	EndGlobalSection
EndGlobal
